
Microsoft Visual Studio Solution File, Format Version 12.00
# Visual Studio Version 17
VisualStudioVersion = 17.3.32929.385
MinimumVisualStudioVersion = 10.0.40219.1
Project("{FAE04EC0-301F-11D3-BF4B-00C04F79EFBC}") = "PBU", "PBU.csproj", "{C9D23A2B-1825-4849-8799-28FD9B58FD1D}"
EndProject
Project("{2150E333-8FDC-42A3-9474-1A3956D46DE8}") = "Solution Items", "Solution Items", "{D89C9264-8222-4FC8-9948-D20BC1468334}"
	ProjectSection(SolutionItems) = preProject
		.editorconfig = .editorconfig
		bin\Debug\RoboSharp.dll = bin\Debug\RoboSharp.dll
	EndProjectSection
EndProject
Global
	GlobalSection(SolutionConfigurationPlatforms) = preSolution
		Debug|Any CPU = Debug|Any CPU
		Release|Any CPU = Release|Any CPU
	EndGlobalSection
	GlobalSection(ProjectConfigurationPlatforms) = postSolution
		{C9D23A2B-1825-4849-8799-28FD9B58FD1D}.Debug|Any CPU.ActiveCfg = Debug|Any CPU
		{C9D23A2B-1825-4849-8799-28FD9B58FD1D}.Debug|Any CPU.Build.0 = Debug|Any CPU
		{C9D23A2B-1825-4849-8799-28FD9B58FD1D}.Release|Any CPU.ActiveCfg = Release|Any CPU
		{C9D23A2B-1825-4849-8799-28FD9B58FD1D}.Release|Any CPU.Build.0 = Release|Any CPU
	EndGlobalSection
	GlobalSection(SolutionProperties) = preSolution
		HideSolutionNode = FALSE
	EndGlobalSection
	GlobalSection(ExtensibilityGlobals) = postSolution
		SolutionGuid = {F5D8B58F-AF0A-49E6-AD06-6359B8B31F8A}
	EndGlobalSection
EndGlobal
